
Microsoft Visual Studio Solution File, Format Version 12.00
# Visual Studio 15
VisualStudioVersion = 15.0.28307.329
MinimumVisualStudioVersion = 10.0.40219.1
Project("{FAE04EC0-301F-11D3-BF4B-00C04F79EFBC}") = "task2", "task2\task2.csproj", "{333077AA-2905-4C3A-A239-7B8747965555}"
EndProject
Global
	GlobalSection(SolutionConfigurationPlatforms) = preSolution
		Debug|Any CPU = Debug|Any CPU
		Release|Any CPU = Release|Any CPU
	EndGlobalSection
	GlobalSection(ProjectConfigurationPlatforms) = postSolution
		{333077AA-2905-4C3A-A239-7B8747965555}.Debug|Any CPU.ActiveCfg = Debug|Any CPU
		{333077AA-2905-4C3A-A239-7B8747965555}.Debug|Any CPU.Build.0 = Debug|Any CPU
		{333077AA-2905-4C3A-A239-7B8747965555}.Release|Any CPU.ActiveCfg = Release|Any CPU
		{333077AA-2905-4C3A-A239-7B8747965555}.Release|Any CPU.Build.0 = Release|Any CPU
	EndGlobalSection
	GlobalSection(SolutionProperties) = preSolution
		HideSolutionNode = FALSE
	EndGlobalSection
	GlobalSection(ExtensibilityGlobals) = postSolution
		SolutionGuid = {58BD31DA-C99F-49EE-9AC5-1DB23CCA3436}
	EndGlobalSection
EndGlobal
